
Microsoft Visual Studio Solution File, Format Version 12.00
# Visual Studio 15
VisualStudioVersion = 15.0.28307.852
MinimumVisualStudioVersion = 10.0.40219.1
Project("{FAE04EC0-301F-11D3-BF4B-00C04F79EFBC}") = "E03", "E03\E03.csproj", "{A7A2C403-5B56-40FB-AF8B-8D58BDCBD828}"
EndProject
Global
	GlobalSection(SolutionConfigurationPlatforms) = preSolution
		Debug|Any CPU = Debug|Any CPU
		Release|Any CPU = Release|Any CPU
	EndGlobalSection
	GlobalSection(ProjectConfigurationPlatforms) = postSolution
		{A7A2C403-5B56-40FB-AF8B-8D58BDCBD828}.Debug|Any CPU.ActiveCfg = Debug|Any CPU
		{A7A2C403-5B56-40FB-AF8B-8D58BDCBD828}.Debug|Any CPU.Build.0 = Debug|Any CPU
		{A7A2C403-5B56-40FB-AF8B-8D58BDCBD828}.Release|Any CPU.ActiveCfg = Release|Any CPU
		{A7A2C403-5B56-40FB-AF8B-8D58BDCBD828}.Release|Any CPU.Build.0 = Release|Any CPU
	EndGlobalSection
	GlobalSection(SolutionProperties) = preSolution
		HideSolutionNode = FALSE
	EndGlobalSection
	GlobalSection(ExtensibilityGlobals) = postSolution
		SolutionGuid = {1EE745D8-5F68-42EA-A4CE-CC6BC3CBCD74}
	EndGlobalSection
EndGlobal
